
Microsoft Visual Studio Solution File, Format Version 12.00
# Visual Studio Version 16
VisualStudioVersion = 16.0.31729.503
MinimumVisualStudioVersion = 10.0.40219.1
Project("{FAE04EC0-301F-11D3-BF4B-00C04F79EFBC}") = "MCD_ListGenericInceleme", "MCD_ListGenericInceleme\MCD_ListGenericInceleme.csproj", "{1D13000B-AFEF-4214-80D1-A89019BBF6D0}"
EndProject
Global
	GlobalSection(SolutionConfigurationPlatforms) = preSolution
		Debug|Any CPU = Debug|Any CPU
		Release|Any CPU = Release|Any CPU
	EndGlobalSection
	GlobalSection(ProjectConfigurationPlatforms) = postSolution
		{1D13000B-AFEF-4214-80D1-A89019BBF6D0}.Debug|Any CPU.ActiveCfg = Debug|Any CPU
		{1D13000B-AFEF-4214-80D1-A89019BBF6D0}.Debug|Any CPU.Build.0 = Debug|Any CPU
		{1D13000B-AFEF-4214-80D1-A89019BBF6D0}.Release|Any CPU.ActiveCfg = Release|Any CPU
		{1D13000B-AFEF-4214-80D1-A89019BBF6D0}.Release|Any CPU.Build.0 = Release|Any CPU
	EndGlobalSection
	GlobalSection(SolutionProperties) = preSolution
		HideSolutionNode = FALSE
	EndGlobalSection
	GlobalSection(ExtensibilityGlobals) = postSolution
		SolutionGuid = {9438BA6C-6F49-43F1-AF59-C49399F52163}
	EndGlobalSection
EndGlobal
